# This file was autogenerated by uv via the following command:
#    uv pip compile requirements.txt --universal --python-version 3.11 --output-file requirements.lock
boto3==1.43.42
    # via
    #   -r requirements.txt
    #   moto
botocore==1.43.42
    # via
    #   boto3
    #   moto
    #   s3transfer
certifi==2026.6.17
    # via requests
cffi==2.1.0 ; platform_python_implementation != 'PyPy'
    # via cryptography
charset-normalizer==3.4.9
    # via requests
click==8.4.2
    # via -r requirements.txt
colorama==0.4.6 ; sys_platform == 'win32'
    # via
    #   click
    #   pytest
coverage==7.15.0
    # via pytest-cov
cryptography==49.0.0
    # via moto
idna==3.18
    # via requests
iniconfig==2.3.0
    # via pytest
jmespath==1.1.0
    # via
    #   boto3
    #   botocore
markupsafe==3.0.3
    # via werkzeug
moto==5.2.2
    # via -r requirements.txt
numpy==2.4.6 ; python_full_version < '3.12'
    # via
    #   -r requirements.txt
    #   pandas
numpy==2.5.1 ; python_full_version >= '3.12'
    # via
    #   -r requirements.txt
    #   pandas
packaging==26.2
    # via pytest
pandas==3.0.3
    # via -r requirements.txt
pluggy==1.6.0
    # via
    #   pytest
    #   pytest-cov
psycopg2-binary==2.9.12
    # via -r requirements.txt
pycparser==3.0 ; implementation_name != 'PyPy' and platform_python_implementation != 'PyPy'
    # via cffi
pygments==2.20.0
    # via pytest
pytest==9.1.1
    # via
    #   -r requirements.txt
    #   pytest-cov
pytest-cov==7.1.0
    # via -r requirements.txt
python-dateutil==2.9.0.post0
    # via
    #   botocore
    #   pandas
python-dotenv==1.2.2
    # via -r requirements.txt
pyyaml==6.0.3
    # via
    #   -r requirements.txt
    #   responses
requests==2.34.2
    # via
    #   moto
    #   responses
responses==0.26.2
    # via moto
s3transfer==0.19.0
    # via boto3
six==1.17.0
    # via python-dateutil
tomli==2.4.1 ; python_full_version <= '3.11'
    # via coverage
tzdata==2026.2 ; sys_platform == 'emscripten' or sys_platform == 'win32'
    # via pandas
urllib3==2.7.0
    # via
    #   botocore
    #   requests
    #   responses
werkzeug==3.1.8
    # via moto
xmltodict==1.0.4
    # via moto
