# This file was autogenerated by uv via the following command:
#    uv pip compile ui/requirements.txt --universal --python-version 3.11 --output-file ui/requirements.lock
aiohappyeyeballs==2.7.1
    # via aiohttp
aiohttp==3.14.1
    # via litellm
aiosignal==1.4.0
    # via aiohttp
annotated-doc==0.0.4
    # via fastapi
annotated-types==0.7.0
    # via pydantic
anyio==4.14.1
    # via
    #   httpx
    #   httpx2
    #   openai
    #   starlette
    #   watchfiles
apscheduler==3.11.3
    # via -r ui/requirements.txt
attrs==26.1.0
    # via
    #   aiohttp
    #   jsonschema
    #   referencing
boto3==1.43.42
    # via -r ui/requirements.txt
botocore==1.43.42
    # via
    #   boto3
    #   s3transfer
certifi==2026.6.17
    # via
    #   httpcore
    #   httpx
    #   requests
    #   sentry-sdk
charset-normalizer==3.4.9
    # via requests
click==8.4.2
    # via
    #   huggingface-hub
    #   litellm
    #   uvicorn
colorama==0.4.6 ; sys_platform == 'win32'
    # via
    #   click
    #   tqdm
    #   uvicorn
distro==1.9.0
    # via openai
fastapi==0.139.0
    # via
    #   -r ui/requirements.txt
    #   sentry-sdk
fastuuid==0.14.0
    # via litellm
filelock==3.29.7
    # via huggingface-hub
frozenlist==1.8.0
    # via
    #   aiohttp
    #   aiosignal
fsspec==2026.6.0
    # via huggingface-hub
h11==0.16.0
    # via
    #   httpcore
    #   httpcore2
    #   uvicorn
hf-xet==1.5.1 ; platform_machine == 'AMD64' or platform_machine == 'aarch64' or platform_machine == 'amd64' or platform_machine == 'arm64' or platform_machine == 'x86_64'
    # via huggingface-hub
httpcore==1.0.9
    # via httpx
httpcore2==2.5.0
    # via httpx2
httptools==0.8.0
    # via uvicorn
httpx==0.28.1
    # via
    #   huggingface-hub
    #   litellm
    #   openai
httpx2==2.5.0
    # via -r ui/requirements.txt
huggingface-hub==1.23.0
    # via tokenizers
idna==3.18
    # via
    #   anyio
    #   httpx
    #   httpx2
    #   requests
    #   yarl
importlib-metadata==8.9.0
    # via litellm
jinja2==3.1.6
    # via
    #   -r ui/requirements.txt
    #   litellm
jiter==0.16.0
    # via openai
jmespath==1.1.0
    # via
    #   boto3
    #   botocore
jsonschema==4.26.0
    # via litellm
jsonschema-specifications==2025.9.1
    # via jsonschema
litellm==1.92.0
    # via -r ui/requirements.txt
markupsafe==3.0.3
    # via jinja2
multidict==6.7.1
    # via
    #   aiohttp
    #   yarl
openai==2.45.0
    # via litellm
packaging==26.2
    # via huggingface-hub
propcache==0.5.2
    # via
    #   aiohttp
    #   yarl
psycopg2-binary==2.9.12
    # via -r ui/requirements.txt
pydantic==2.13.4
    # via
    #   fastapi
    #   litellm
    #   openai
pydantic-core==2.46.4
    # via pydantic
python-dateutil==2.9.0.post0
    # via botocore
python-dotenv==1.2.2
    # via
    #   -r ui/requirements.txt
    #   litellm
    #   uvicorn
pyyaml==6.0.3
    # via
    #   -r ui/requirements.txt
    #   huggingface-hub
    #   uvicorn
referencing==0.37.0
    # via
    #   jsonschema
    #   jsonschema-specifications
regex==2026.7.10
    # via tiktoken
requests==2.34.2
    # via tiktoken
rpds-py==2026.6.3
    # via
    #   jsonschema
    #   referencing
s3transfer==0.19.0
    # via boto3
sentry-sdk==2.64.0
    # via -r ui/requirements.txt
six==1.17.0
    # via python-dateutil
sniffio==1.3.1
    # via openai
starlette==1.3.1
    # via fastapi
tiktoken==0.13.0
    # via litellm
tokenizers==0.23.1
    # via litellm
tqdm==4.68.4
    # via
    #   huggingface-hub
    #   openai
truststore==0.10.4
    # via
    #   httpcore2
    #   httpx2
typing-extensions==4.16.0
    # via
    #   aiohttp
    #   aiosignal
    #   anyio
    #   fastapi
    #   httpx2
    #   huggingface-hub
    #   openai
    #   pydantic
    #   pydantic-core
    #   referencing
    #   starlette
    #   typing-inspection
typing-inspection==0.4.2
    # via
    #   fastapi
    #   pydantic
tzdata==2026.2 ; sys_platform == 'win32'
    # via tzlocal
tzlocal==5.4.4
    # via apscheduler
urllib3==2.7.0
    # via
    #   botocore
    #   requests
    #   sentry-sdk
uvicorn==0.50.2
    # via -r ui/requirements.txt
uvloop==0.22.1 ; platform_python_implementation != 'PyPy' and sys_platform != 'cygwin' and sys_platform != 'win32'
    # via uvicorn
watchfiles==1.2.0
    # via uvicorn
websockets==16.0
    # via uvicorn
yarl==1.24.2
    # via aiohttp
zipp==4.1.0
    # via importlib-metadata
